
Microsoft Visual Studio Solution File, Format Version 12.00
# Visual Studio Version 17
VisualStudioVersion = 17.0.31903.59
MinimumVisualStudioVersion = 10.0.40219.1
Project("{F2A71F9B-5D33-465A-A702-920D77279786}") = "Euclid", "Euclid.fsproj", "{DECC3169-CAF8-497F-A87A-A7A4E6A22C82}"
EndProject
Project("{F2A71F9B-5D33-465A-A702-920D77279786}") = "Euclid.Tests", "Tests\Euclid.Tests.fsproj", "{64F6AA87-5DA8-4B0D-B971-7C8A99D5693B}"
EndProject
Global
	GlobalSection(SolutionConfigurationPlatforms) = preSolution
		Debug|Any CPU = Debug|Any CPU
		Release|Any CPU = Release|Any CPU
	EndGlobalSection
	GlobalSection(SolutionProperties) = preSolution
		HideSolutionNode = FALSE
	EndGlobalSection
	GlobalSection(ProjectConfigurationPlatforms) = postSolution
		{DECC3169-CAF8-497F-A87A-A7A4E6A22C82}.Debug|Any CPU.ActiveCfg = Debug|Any CPU
		{DECC3169-CAF8-497F-A87A-A7A4E6A22C82}.Debug|Any CPU.Build.0 = Debug|Any CPU
		{DECC3169-CAF8-497F-A87A-A7A4E6A22C82}.Release|Any CPU.ActiveCfg = Release|Any CPU
		{DECC3169-CAF8-497F-A87A-A7A4E6A22C82}.Release|Any CPU.Build.0 = Release|Any CPU
		{64F6AA87-5DA8-4B0D-B971-7C8A99D5693B}.Debug|Any CPU.ActiveCfg = Debug|Any CPU
		{64F6AA87-5DA8-4B0D-B971-7C8A99D5693B}.Debug|Any CPU.Build.0 = Debug|Any CPU
		{64F6AA87-5DA8-4B0D-B971-7C8A99D5693B}.Release|Any CPU.ActiveCfg = Release|Any CPU
		{64F6AA87-5DA8-4B0D-B971-7C8A99D5693B}.Release|Any CPU.Build.0 = Release|Any CPU
	EndGlobalSection
EndGlobal
