
Microsoft Visual Studio Solution File, Format Version 12.00
# Visual Studio Version 17
VisualStudioVersion = 17.0.31903.59
MinimumVisualStudioVersion = 10.0.40219.1
Project("{F2A71F9B-5D33-465A-A702-920D77279786}") = "Euclid", "Euclid.fsproj", "{BFE6DAB8-ED7F-44C3-9844-DAF33A9FE42F}"
EndProject
Project("{2150E333-8FDC-42A3-9474-1A3956D46DE8}") = "Tests", "Tests", "{0AB3BF05-4346-4AA6-1389-037BE0695223}"
EndProject
Project("{F2A71F9B-5D33-465A-A702-920D77279786}") = "Euclid.Tests", "Tests\Euclid.Tests.fsproj", "{3EC1158E-32BD-48D7-B51F-62F48218D97D}"
EndProject
Global
	GlobalSection(SolutionConfigurationPlatforms) = preSolution
		Debug|Any CPU = Debug|Any CPU
		Debug|x64 = Debug|x64
		Debug|x86 = Debug|x86
		Release|Any CPU = Release|Any CPU
		Release|x64 = Release|x64
		Release|x86 = Release|x86
	EndGlobalSection
	GlobalSection(ProjectConfigurationPlatforms) = postSolution
		{BFE6DAB8-ED7F-44C3-9844-DAF33A9FE42F}.Debug|Any CPU.ActiveCfg = Debug|Any CPU
		{BFE6DAB8-ED7F-44C3-9844-DAF33A9FE42F}.Debug|Any CPU.Build.0 = Debug|Any CPU
		{BFE6DAB8-ED7F-44C3-9844-DAF33A9FE42F}.Debug|x64.ActiveCfg = Debug|Any CPU
		{BFE6DAB8-ED7F-44C3-9844-DAF33A9FE42F}.Debug|x64.Build.0 = Debug|Any CPU
		{BFE6DAB8-ED7F-44C3-9844-DAF33A9FE42F}.Debug|x86.ActiveCfg = Debug|Any CPU
		{BFE6DAB8-ED7F-44C3-9844-DAF33A9FE42F}.Debug|x86.Build.0 = Debug|Any CPU
		{BFE6DAB8-ED7F-44C3-9844-DAF33A9FE42F}.Release|Any CPU.ActiveCfg = Release|Any CPU
		{BFE6DAB8-ED7F-44C3-9844-DAF33A9FE42F}.Release|Any CPU.Build.0 = Release|Any CPU
		{BFE6DAB8-ED7F-44C3-9844-DAF33A9FE42F}.Release|x64.ActiveCfg = Release|Any CPU
		{BFE6DAB8-ED7F-44C3-9844-DAF33A9FE42F}.Release|x64.Build.0 = Release|Any CPU
		{BFE6DAB8-ED7F-44C3-9844-DAF33A9FE42F}.Release|x86.ActiveCfg = Release|Any CPU
		{BFE6DAB8-ED7F-44C3-9844-DAF33A9FE42F}.Release|x86.Build.0 = Release|Any CPU
		{3EC1158E-32BD-48D7-B51F-62F48218D97D}.Debug|Any CPU.ActiveCfg = Debug|Any CPU
		{3EC1158E-32BD-48D7-B51F-62F48218D97D}.Debug|Any CPU.Build.0 = Debug|Any CPU
		{3EC1158E-32BD-48D7-B51F-62F48218D97D}.Debug|x64.ActiveCfg = Debug|Any CPU
		{3EC1158E-32BD-48D7-B51F-62F48218D97D}.Debug|x64.Build.0 = Debug|Any CPU
		{3EC1158E-32BD-48D7-B51F-62F48218D97D}.Debug|x86.ActiveCfg = Debug|Any CPU
		{3EC1158E-32BD-48D7-B51F-62F48218D97D}.Debug|x86.Build.0 = Debug|Any CPU
		{3EC1158E-32BD-48D7-B51F-62F48218D97D}.Release|Any CPU.ActiveCfg = Release|Any CPU
		{3EC1158E-32BD-48D7-B51F-62F48218D97D}.Release|Any CPU.Build.0 = Release|Any CPU
		{3EC1158E-32BD-48D7-B51F-62F48218D97D}.Release|x64.ActiveCfg = Release|Any CPU
		{3EC1158E-32BD-48D7-B51F-62F48218D97D}.Release|x64.Build.0 = Release|Any CPU
		{3EC1158E-32BD-48D7-B51F-62F48218D97D}.Release|x86.ActiveCfg = Release|Any CPU
		{3EC1158E-32BD-48D7-B51F-62F48218D97D}.Release|x86.Build.0 = Release|Any CPU
	EndGlobalSection
	GlobalSection(SolutionProperties) = preSolution
		HideSolutionNode = FALSE
	EndGlobalSection
	GlobalSection(NestedProjects) = preSolution
		{3EC1158E-32BD-48D7-B51F-62F48218D97D} = {0AB3BF05-4346-4AA6-1389-037BE0695223}
	EndGlobalSection
EndGlobal
